
Microsoft Visual Studio Solution File, Format Version 12.00
# Visual Studio 15
VisualStudioVersion = 15.0.28010.2003
MinimumVisualStudioVersion = 10.0.40219.1
Project("{FAE04EC0-301F-11D3-BF4B-00C04F79EFBC}") = "CompanyCarsDocker", "CompanyCarsDocker\CompanyCarsDocker.csproj", "{99521E9E-8FAE-4702-B124-457B4A11060E}"
EndProject
Global
	GlobalSection(SolutionConfigurationPlatforms) = preSolution
		Debug|Any CPU = Debug|Any CPU
		Release|Any CPU = Release|Any CPU
	EndGlobalSection
	GlobalSection(ProjectConfigurationPlatforms) = postSolution
		{99521E9E-8FAE-4702-B124-457B4A11060E}.Debug|Any CPU.ActiveCfg = Debug|Any CPU
		{99521E9E-8FAE-4702-B124-457B4A11060E}.Debug|Any CPU.Build.0 = Debug|Any CPU
		{99521E9E-8FAE-4702-B124-457B4A11060E}.Release|Any CPU.ActiveCfg = Release|Any CPU
		{99521E9E-8FAE-4702-B124-457B4A11060E}.Release|Any CPU.Build.0 = Release|Any CPU
	EndGlobalSection
	GlobalSection(SolutionProperties) = preSolution
		HideSolutionNode = FALSE
	EndGlobalSection
	GlobalSection(ExtensibilityGlobals) = postSolution
		SolutionGuid = {96E2BE46-772D-4EAB-93D9-1D5A46B9B1E2}
	EndGlobalSection
EndGlobal
